
Microsoft Visual Studio Solution File, Format Version 12.00
Project("{FAE04EC0-301F-11D3-BF4B-00C04F79EFBC}") = "Blick.Common.WebApi", "Blick.Common.WebApi\Blick.Common.WebApi.csproj", "{2FD29B30-3800-4C8F-9687-CCEAD8C164B5}"
EndProject
Project("{2150E333-8FDC-42A3-9474-1A3956D46DE8}") = "Tests", "Tests", "{402261C7-655E-4501-81A0-E5531E430C9B}"
EndProject
Project("{FAE04EC0-301F-11D3-BF4B-00C04F79EFBC}") = "Blick.Common.Tests", "Blick.Common.Tests\Blick.Common.Tests.csproj", "{F632C87C-1905-44F6-9CAD-E2D3E54DEC85}"
EndProject
Global
	GlobalSection(SolutionConfigurationPlatforms) = preSolution
		Debug|Any CPU = Debug|Any CPU
		Release|Any CPU = Release|Any CPU
	EndGlobalSection
	GlobalSection(ProjectConfigurationPlatforms) = postSolution
		{2FD29B30-3800-4C8F-9687-CCEAD8C164B5}.Debug|Any CPU.ActiveCfg = Debug|Any CPU
		{2FD29B30-3800-4C8F-9687-CCEAD8C164B5}.Debug|Any CPU.Build.0 = Debug|Any CPU
		{2FD29B30-3800-4C8F-9687-CCEAD8C164B5}.Release|Any CPU.ActiveCfg = Release|Any CPU
		{2FD29B30-3800-4C8F-9687-CCEAD8C164B5}.Release|Any CPU.Build.0 = Release|Any CPU
		{F632C87C-1905-44F6-9CAD-E2D3E54DEC85}.Debug|Any CPU.ActiveCfg = Debug|Any CPU
		{F632C87C-1905-44F6-9CAD-E2D3E54DEC85}.Debug|Any CPU.Build.0 = Debug|Any CPU
		{F632C87C-1905-44F6-9CAD-E2D3E54DEC85}.Release|Any CPU.ActiveCfg = Release|Any CPU
		{F632C87C-1905-44F6-9CAD-E2D3E54DEC85}.Release|Any CPU.Build.0 = Release|Any CPU
	EndGlobalSection
	GlobalSection(NestedProjects) = preSolution
		{F632C87C-1905-44F6-9CAD-E2D3E54DEC85} = {402261C7-655E-4501-81A0-E5531E430C9B}
	EndGlobalSection
EndGlobal
