
Microsoft Visual Studio Solution File, Format Version 12.00
Project("{FAE04EC0-301F-11D3-BF4B-00C04F79EFBC}") = "Blick.Common.WebApi", "Blick.Common.WebApi\Blick.Common.WebApi.csproj", "{2FD29B30-3800-4C8F-9687-CCEAD8C164B5}"
EndProject
Project("{2150E333-8FDC-42A3-9474-1A3956D46DE8}") = "Tests", "Tests", "{402261C7-655E-4501-81A0-E5531E430C9B}"
EndProject
Project("{FAE04EC0-301F-11D3-BF4B-00C04F79EFBC}") = "Blick.Common.Tests", "Blick.Common.Tests\Blick.Common.Tests.csproj", "{F632C87C-1905-44F6-9CAD-E2D3E54DEC85}"
EndProject
Project("{FAE04EC0-301F-11D3-BF4B-00C04F79EFBC}") = "Blick.Common.Repository", "Blick.Common.Repository\Blick.Common.Repository.csproj", "{F998E663-EEEA-40B5-85AB-C3A50D6363D4}"
EndProject
Project("{FAE04EC0-301F-11D3-BF4B-00C04F79EFBC}") = "Blick.Common.Repository.Abstractions", "Blick.Common.Repository.Abstractions\Blick.Common.Repository.Abstractions.csproj", "{C3B4A2FA-95EC-4982-9175-06140AA26E02}"
EndProject
Project("{FAE04EC0-301F-11D3-BF4B-00C04F79EFBC}") = "Blick.Common.Security", "Blick.Common.Security\Blick.Common.Security.csproj", "{1A2F9CAA-2800-43B0-AB07-10A3B7DD5E4F}"
EndProject
Project("{FAE04EC0-301F-11D3-BF4B-00C04F79EFBC}") = "Blick.Common.Security.Tests", "Blick.Common.Security.Tests\Blick.Common.Security.Tests.csproj", "{E976EB56-279E-4DE4-8F8F-1ECCE8D78C93}"
EndProject
Global
	GlobalSection(SolutionConfigurationPlatforms) = preSolution
		Debug|Any CPU = Debug|Any CPU
		Release|Any CPU = Release|Any CPU
	EndGlobalSection
	GlobalSection(ProjectConfigurationPlatforms) = postSolution
		{2FD29B30-3800-4C8F-9687-CCEAD8C164B5}.Debug|Any CPU.ActiveCfg = Debug|Any CPU
		{2FD29B30-3800-4C8F-9687-CCEAD8C164B5}.Debug|Any CPU.Build.0 = Debug|Any CPU
		{2FD29B30-3800-4C8F-9687-CCEAD8C164B5}.Release|Any CPU.ActiveCfg = Release|Any CPU
		{2FD29B30-3800-4C8F-9687-CCEAD8C164B5}.Release|Any CPU.Build.0 = Release|Any CPU
		{F632C87C-1905-44F6-9CAD-E2D3E54DEC85}.Debug|Any CPU.ActiveCfg = Debug|Any CPU
		{F632C87C-1905-44F6-9CAD-E2D3E54DEC85}.Debug|Any CPU.Build.0 = Debug|Any CPU
		{F632C87C-1905-44F6-9CAD-E2D3E54DEC85}.Release|Any CPU.ActiveCfg = Release|Any CPU
		{F632C87C-1905-44F6-9CAD-E2D3E54DEC85}.Release|Any CPU.Build.0 = Release|Any CPU
		{F998E663-EEEA-40B5-85AB-C3A50D6363D4}.Debug|Any CPU.ActiveCfg = Debug|Any CPU
		{F998E663-EEEA-40B5-85AB-C3A50D6363D4}.Debug|Any CPU.Build.0 = Debug|Any CPU
		{F998E663-EEEA-40B5-85AB-C3A50D6363D4}.Release|Any CPU.ActiveCfg = Release|Any CPU
		{F998E663-EEEA-40B5-85AB-C3A50D6363D4}.Release|Any CPU.Build.0 = Release|Any CPU
		{C3B4A2FA-95EC-4982-9175-06140AA26E02}.Debug|Any CPU.ActiveCfg = Debug|Any CPU
		{C3B4A2FA-95EC-4982-9175-06140AA26E02}.Debug|Any CPU.Build.0 = Debug|Any CPU
		{C3B4A2FA-95EC-4982-9175-06140AA26E02}.Release|Any CPU.ActiveCfg = Release|Any CPU
		{C3B4A2FA-95EC-4982-9175-06140AA26E02}.Release|Any CPU.Build.0 = Release|Any CPU
		{1A2F9CAA-2800-43B0-AB07-10A3B7DD5E4F}.Debug|Any CPU.ActiveCfg = Debug|Any CPU
		{1A2F9CAA-2800-43B0-AB07-10A3B7DD5E4F}.Debug|Any CPU.Build.0 = Debug|Any CPU
		{1A2F9CAA-2800-43B0-AB07-10A3B7DD5E4F}.Release|Any CPU.ActiveCfg = Release|Any CPU
		{1A2F9CAA-2800-43B0-AB07-10A3B7DD5E4F}.Release|Any CPU.Build.0 = Release|Any CPU
		{E976EB56-279E-4DE4-8F8F-1ECCE8D78C93}.Debug|Any CPU.ActiveCfg = Debug|Any CPU
		{E976EB56-279E-4DE4-8F8F-1ECCE8D78C93}.Debug|Any CPU.Build.0 = Debug|Any CPU
		{E976EB56-279E-4DE4-8F8F-1ECCE8D78C93}.Release|Any CPU.ActiveCfg = Release|Any CPU
		{E976EB56-279E-4DE4-8F8F-1ECCE8D78C93}.Release|Any CPU.Build.0 = Release|Any CPU
	EndGlobalSection
	GlobalSection(NestedProjects) = preSolution
		{F632C87C-1905-44F6-9CAD-E2D3E54DEC85} = {402261C7-655E-4501-81A0-E5531E430C9B}
		{E976EB56-279E-4DE4-8F8F-1ECCE8D78C93} = {402261C7-655E-4501-81A0-E5531E430C9B}
	EndGlobalSection
EndGlobal
